
Microsoft Visual Studio Solution File, Format Version 12.00
# Visual Studio Version 17
VisualStudioVersion = 17.11.35327.3
MinimumVisualStudioVersion = 10.0.40219.1
Project("{8BC9CEB8-8B4A-11D0-8D11-00A0C91BC942}") = "PolyMetronomeLib", "PolyMetronomeLib\PolyMetronomeLib.vcxproj", "{7A8C5E10-4F2B-4A3D-9C1B-3E5F8D7C2A1B}"
EndProject
Project("{8BC9CEB8-8B4A-11D0-8D11-00A0C91BC942}") = "PolyMetronome", "PolyMetronome\PolyMetronome.vcxproj", "{8B9D6F20-5E3C-4B4E-AD2C-4F6E9D8C3B2C}"
EndProject
Project("{8BC9CEB8-8B4A-11D0-8D11-00A0C91BC942}") = "QtWakeDpiFixer", "extern\QtWakeDpiFixer\QtWakeDpiFixer.vcxproj", "{A1B2C3D4-E5F6-4A1B-8C2D-3E4F5A6B7C8D}"
EndProject
Global
	GlobalSection(SolutionConfigurationPlatforms) = preSolution
		Debug|x64 = Debug|x64
		Release|x64 = Release|x64
		ReleaseDbgInfo|x64 = ReleaseDbgInfo|x64
	EndGlobalSection
	GlobalSection(ProjectConfigurationPlatforms) = postSolution
		{7A8C5E10-4F2B-4A3D-9C1B-3E5F8D7C2A1B}.Debug|x64.ActiveCfg = Debug|x64
		{7A8C5E10-4F2B-4A3D-9C1B-3E5F8D7C2A1B}.Debug|x64.Build.0 = Debug|x64
		{7A8C5E10-4F2B-4A3D-9C1B-3E5F8D7C2A1B}.Release|x64.ActiveCfg = Release|x64
		{7A8C5E10-4F2B-4A3D-9C1B-3E5F8D7C2A1B}.Release|x64.Build.0 = Release|x64
		{7A8C5E10-4F2B-4A3D-9C1B-3E5F8D7C2A1B}.ReleaseDbgInfo|x64.ActiveCfg = ReleaseDbgInfo|x64
		{7A8C5E10-4F2B-4A3D-9C1B-3E5F8D7C2A1B}.ReleaseDbgInfo|x64.Build.0 = ReleaseDbgInfo|x64
		{8B9D6F20-5E3C-4B4E-AD2C-4F6E9D8C3B2C}.Debug|x64.ActiveCfg = Debug|x64
		{8B9D6F20-5E3C-4B4E-AD2C-4F6E9D8C3B2C}.Debug|x64.Build.0 = Debug|x64
		{8B9D6F20-5E3C-4B4E-AD2C-4F6E9D8C3B2C}.Release|x64.ActiveCfg = Release|x64
		{8B9D6F20-5E3C-4B4E-AD2C-4F6E9D8C3B2C}.Release|x64.Build.0 = Release|x64
		{8B9D6F20-5E3C-4B4E-AD2C-4F6E9D8C3B2C}.ReleaseDbgInfo|x64.ActiveCfg = ReleaseDbgInfo|x64
		{8B9D6F20-5E3C-4B4E-AD2C-4F6E9D8C3B2C}.ReleaseDbgInfo|x64.Build.0 = ReleaseDbgInfo|x64
		{A1B2C3D4-E5F6-4A1B-8C2D-3E4F5A6B7C8D}.Debug|x64.ActiveCfg = Debug|x64
		{A1B2C3D4-E5F6-4A1B-8C2D-3E4F5A6B7C8D}.Debug|x64.Build.0 = Debug|x64
		{A1B2C3D4-E5F6-4A1B-8C2D-3E4F5A6B7C8D}.Release|x64.ActiveCfg = Release|x64
		{A1B2C3D4-E5F6-4A1B-8C2D-3E4F5A6B7C8D}.Release|x64.Build.0 = Release|x64
		{A1B2C3D4-E5F6-4A1B-8C2D-3E4F5A6B7C8D}.ReleaseDbgInfo|x64.ActiveCfg = Release|x64
		{A1B2C3D4-E5F6-4A1B-8C2D-3E4F5A6B7C8D}.ReleaseDbgInfo|x64.Build.0 = Release|x64
	EndGlobalSection
	GlobalSection(SolutionProperties) = preSolution
		HideSolutionNode = FALSE
	EndGlobalSection
	GlobalSection(ExtensibilityGlobals) = postSolution
		SolutionGuid = {C0D1E2F3-6F4D-4C5F-BE3D-5F7F0E9D4C3D}
	EndGlobalSection
EndGlobal
